{
  "pins" : [
    {
      "identity" : "sdwebimage",
      "kind" : "remoteSourceControl",
      "location" : "git@github.com:SDWebImage/SDWebImage.git",
      "state" : {
        "revision" : "1b9a2e902cbde5fdf362faa0f4fd76ea74d74305",
        "version" : "5.18.5"
      }
    },
    {
      "identity" : "snapkit",
      "kind" : "remoteSourceControl",
      "location" : "https://github.com/SnapKit/SnapKit.git",
      "state" : {
        "revision" : "f222cbdf325885926566172f6f5f06af95473158",
        "version" : "5.6.0"
      }
    },
    {
      "identity" : "uiview-borders-swift",
      "kind" : "remoteSourceControl",
      "location" : "https://github.com/aaronn/UIView-Borders-Swift",
      "state" : {
        "revision" : "f7496f79c92134952cb692ad1faa147805f6048d",
        "version" : "1.2.0"
      }
    }
  ],
  "version" : 2
}
